
Microsoft Visual Studio Solution File, Format Version 12.00
# Visual Studio Version 17
VisualStudioVersion = 17.9.34728.123
MinimumVisualStudioVersion = 10.0.40219.1
Project("{FAE04EC0-301F-11D3-BF4B-00C04F79EFBC}") = "YamedApp", "YamedApp.csproj", "{AF1A3A19-46C9-4450-B26E-76C649054CAE}"
EndProject
Global
	GlobalSection(SolutionConfigurationPlatforms) = preSolution
		Debug|Any CPU = Debug|Any CPU
		Release|Any CPU = Release|Any CPU
	EndGlobalSection
	GlobalSection(ProjectConfigurationPlatforms) = postSolution
		{AF1A3A19-46C9-4450-B26E-76C649054CAE}.Debug|Any CPU.ActiveCfg = Debug|Any CPU
		{AF1A3A19-46C9-4450-B26E-76C649054CAE}.Debug|Any CPU.Build.0 = Debug|Any CPU
		{AF1A3A19-46C9-4450-B26E-76C649054CAE}.Release|Any CPU.ActiveCfg = Release|Any CPU
		{AF1A3A19-46C9-4450-B26E-76C649054CAE}.Release|Any CPU.Build.0 = Release|Any CPU
	EndGlobalSection
	GlobalSection(SolutionProperties) = preSolution
		HideSolutionNode = FALSE
	EndGlobalSection
	GlobalSection(ExtensibilityGlobals) = postSolution
		SolutionGuid = {D9CBCDC7-9129-4451-BD55-AD31E63F2BD6}
	EndGlobalSection
EndGlobal
